<Solution>
  <Folder Name="/src/" />
  <Folder Name="/src/ApiGateway/">
    <Project Path="src/ApiGateway/Ecommerce.ApiGateway/Ecommerce.ApiGateway.csproj" />
  </Folder>
  <Folder Name="/src/BuildingBlocks/">
    <Project Path="src/BuildingBlocks/Ecommerce.Contracts/Ecommerce.Contracts.csproj" />
    <Project Path="src/BuildingBlocks/Ecommerce.Contracts.Grpc/Ecommerce.Contracts.Grpc.csproj" />
    <Project Path="src/BuildingBlocks/Ecommerce.Shared/Ecommerce.Shared.csproj" />
  </Folder>
  <Folder Name="/src/Services/" />
  <Folder Name="/src/Services/Cart/">
    <Project Path="src/Services/Cart/Ecommerce.Cart.Application/Ecommerce.Cart.Application.csproj" />
    <Project Path="src/Services/Cart/Ecommerce.Cart.Domain/Ecommerce.Cart.Domain.csproj" />
    <Project Path="src/Services/Cart/Ecommerce.Cart.Infrastructure/Ecommerce.Cart.Infrastructure.csproj" />
    <Project Path="src/Services/Cart/Ecommerce.Cart.WebApi/Ecommerce.Cart.WebApi.csproj" />
  </Folder>
  <Folder Name="/src/Services/Catalog/">
    <Project Path="src/Services/Catalog/Ecommerce.Catalog.Application/Ecommerce.Catalog.Application.csproj" />
    <Project Path="src/Services/Catalog/Ecommerce.Catalog.Domain/Ecommerce.Catalog.Domain.csproj" />
    <Project Path="src/Services/Catalog/Ecommerce.Catalog.Infrastructure/Ecommerce.Catalog.Infrastructure.csproj" />
    <Project Path="src/Services/Catalog/Ecommerce.Catalog.WebApi/Ecommerce.Catalog.WebApi.csproj" />
  </Folder>
  <Folder Name="/src/Services/Identity/">
    <Project Path="src/Services/Identity/Ecommerce.Identity.Application/Ecommerce.Identity.Application.csproj" />
    <Project Path="src/Services/Identity/Ecommerce.Identity.Domain/Ecommerce.Identity.Domain.csproj" />
    <Project Path="src/Services/Identity/Ecommerce.Identity.Infrastructure/Ecommerce.Identity.Infrastructure.csproj" />
    <Project Path="src/Services/Identity/Ecommerce.Identity.WebApi/Ecommerce.Identity.WebApi.csproj" />
  </Folder>
  <Folder Name="/src/Services/Inventory/">
    <Project Path="src/Services/Inventory/Ecommerce.Inventory.Application/Ecommerce.Inventory.Application.csproj" />
    <Project Path="src/Services/Inventory/Ecommerce.Inventory.Domain/Ecommerce.Inventory.Domain.csproj" />
    <Project Path="src/Services/Inventory/Ecommerce.Inventory.Infrastructure/Ecommerce.Inventory.Infrastructure.csproj" />
    <Project Path="src/Services/Inventory/Ecommerce.Inventory.WebApi/Ecommerce.Inventory.WebApi.csproj" />
  </Folder>
  <Folder Name="/src/Services/Orchestrator/">
    <Project Path="src/Services/Orchestrator/Ecommerce.Orchestrator.WebApi/Ecommerce.Orchestrator.WebApi.csproj" />
  </Folder>
  <Folder Name="/src/Services/Order/">
    <Project Path="src/Services/Order/Ecommerce.Order.Application/Ecommerce.Order.Application.csproj" />
    <Project Path="src/Services/Order/Ecommerce.Order.Domain/Ecommerce.Order.Domain.csproj" />
    <Project Path="src/Services/Order/Ecommerce.Order.Infrastructure/Ecommerce.Order.Infrastructure.csproj" />
    <Project Path="src/Services/Order/Ecommerce.Order.WebApi/Ecommerce.Order.WebApi.csproj" />
  </Folder>
  <Folder Name="/src/Services/Payment/">
    <Project Path="src/Services/Payment/Ecommerce.Payment.Application/Ecommerce.Payment.Application.csproj" />
    <Project Path="src/Services/Payment/Ecommerce.Payment.Domain/Ecommerce.Payment.Domain.csproj" />
    <Project Path="src/Services/Payment/Ecommerce.Payment.Infrastructure/Ecommerce.Payment.Infrastructure.csproj" />
    <Project Path="src/Services/Payment/Ecommerce.Payment.WebApi/Ecommerce.Payment.WebApi.csproj" />
  </Folder>
  <Folder Name="/tests/">
    <Project Path="tests/Ecommerce.Catalog.Tests/Ecommerce.Catalog.Tests.csproj" />
    <Project Path="tests/Ecommerce.Inventory.Tests/Ecommerce.Inventory.Tests.csproj" />
    <Project Path="tests/Ecommerce.Order.Tests/Ecommerce.Order.Tests.csproj" />
    <Project Path="tests/Ecommerce.Cart.Tests/Ecommerce.Cart.Tests.csproj" />
    <Project Path="tests/Ecommerce.Identity.Tests/Ecommerce.Identity.Tests.csproj" />
    <Project Path="tests/Ecommerce.Payment.Tests/Ecommerce.Payment.Tests.csproj" />
  </Folder>
</Solution>
